// !$*UTF8*$!
{
	archiveVersion = 1;
	classes = {
	};
	objectVersion = 46;
	objects = {

/* Begin PBXBuildFile section */
		77C7B2B51DC35F0300BAFDDB /* AppDelegate.swift in Sources */ = {isa = PBXBuildFile; fileRef = 77C7B2B41DC35F0300BAFDDB /* AppDelegate.swift */; };
		77C7B2B71DC35F0300BAFDDB /* ViewController.swift in Sources */ = {isa = PBXBuildFile; fileRef = 77C7B2B61DC35F0300BAFDDB /* ViewController.swift */; };
		77C7B2BA1DC35F0300BAFDDB /* Main.storyboard in Resources */ = {isa = PBXBuildFile; fileRef = 77C7B2B81DC35F0300BAFDDB /* Main.storyboard */; };
		77C7B2BC1DC35F0300BAFDDB /* Assets.xcassets in Resources */ = {isa = PBXBuildFile; fileRef = 77C7B2BB1DC35F0300BAFDDB /* Assets.xcassets */; };
		77C7B2BF1DC35F0300BAFDDB /* LaunchScreen.storyboard in Resources */ = {isa = PBXBuildFile; fileRef = 77C7B2BD1DC35F0300BAFDDB /* LaunchScreen.storyboard */; };
/* End PBXBuildFile section */

/* Begin PBXFileReference section */
		77C7B2B11DC35F0300BAFDDB /* ReusableView.app */ = {isa = PBXFileReference; explicitFileType = wrapper.application; includeInIndex = 0; path = ReusableView.app; sourceTree = BUILT_PRODUCTS_DIR; };
		77C7B2B41DC35F0300BAFDDB /* AppDelegate.swift */ = {isa = PBXFileReference; lastKnownFileType = sourcecode.swift; path = AppDelegate.swift; sourceTree = "<group>"; };
		77C7B2B61DC35F0300BAFDDB /* ViewController.swift */ = {isa = PBXFileReference; lastKnownFileType = sourcecode.swift; path = ViewController.swift; sourceTree = "<group>"; };
		77C7B2B91DC35F0300BAFDDB /* Base */ = {isa = PBXFileReference; lastKnownFileType = file.storyboard; name = Base; path = Base.lproj/Main.storyboard; sourceTree = "<group>"; };
		77C7B2BB1DC35F0300BAFDDB /* Assets.xcassets */ = {isa = PBXFileReference; lastKnownFileType = folder.assetcatalog; path = Assets.xcassets; sourceTree = "<group>"; };
		77C7B2BE1DC35F0300BAFDDB /* Base */ = {isa = PBXFileReference; lastKnownFileType = file.storyboard; name = Base; path = Base.lproj/LaunchScreen.storyboard; sourceTree = "<group>"; };
		77C7B2C01DC35F0300BAFDDB /* Info.plist */ = {isa = PBXFileReference; lastKnownFileType = text.plist.xml; path = Info.plist; sourceTree = "<group>"; };
/* End PBXFileReference section */

/* Begin PBXFrameworksBuildPhase section */
		77C7B2AE1DC35F0300BAFDDB /* Frameworks */ = {
			isa = PBXFrameworksBuildPhase;
			buildActionMask = 2147483647;
			files = (
			);
			runOnlyForDeploymentPostprocessing = 0;
		};
/* End PBXFrameworksBuildPhase section */

/* Begin PBXGroup section */
		77C7B2A81DC35F0300BAFDDB = {
			isa = PBXGroup;
			children = (
				77C7B2B31DC35F0300BAFDDB /* ReusableView */,
				77C7B2B21DC35F0300BAFDDB /* Products */,
			);
			sourceTree = "<group>";
		};
		77C7B2B21DC35F0300BAFDDB /* Products */ = {
			isa = PBXGroup;
			children = (
				77C7B2B11DC35F0300BAFDDB /* ReusableView.app */,
			);
			name = Products;
			sourceTree = "<group>";
		};
		77C7B2B31DC35F0300BAFDDB /* ReusableView */ = {
			isa = PBXGroup;
			children = (
				77C7B2B41DC35F0300BAFDDB /* AppDelegate.swift */,
				77C7B2B61DC35F0300BAFDDB /* ViewController.swift */,
				77C7B2B81DC35F0300BAFDDB /* Main.storyboard */,
				77C7B2BB1DC35F0300BAFDDB /* Assets.xcassets */,
				77C7B2BD1DC35F0300BAFDDB /* LaunchScreen.storyboard */,
				77C7B2C01DC35F0300BAFDDB /* Info.plist */,
			);
			path = ReusableView;
			sourceTree = "<group>";
		};
/* End PBXGroup section */

/* Begin PBXNativeTarget section */
		77C7B2B01DC35F0300BAFDDB /* ReusableView */ = {
			isa = PBXNativeTarget;
			buildConfigurationList = 77C7B2C31DC35F0300BAFDDB /* Build configuration list for PBXNativeTarget "ReusableView" */;
			buildPhases = (
				77C7B2AD1DC35F0300BAFDDB /* Sources */,
				77C7B2AE1DC35F0300BAFDDB /* Frameworks */,
				77C7B2AF1DC35F0300BAFDDB /* Resources */,
			);
			buildRules = (
			);
			dependencies = (
			);
			name = ReusableView;
			productName = ReusableView;
			productReference = 77C7B2B11DC35F0300BAFDDB /* ReusableView.app */;
			productType = "com.apple.product-type.application";
		};
/* End PBXNativeTarget section */

/* Begin PBXProject section */
		77C7B2A91DC35F0300BAFDDB /* Project object */ = {
			isa = PBXProject;
			attributes = {
				LastSwiftUpdateCheck = 0800;
				LastUpgradeCheck = 0800;
				ORGANIZATIONNAME = "Andrej Krizmancic";
				TargetAttributes = {
					77C7B2B01DC35F0300BAFDDB = {
						CreatedOnToolsVersion = 8.0;
						DevelopmentTeam = ELAFMHX4F8;
						ProvisioningStyle = Automatic;
					};
				};
			};
			buildConfigurationList = 77C7B2AC1DC35F0300BAFDDB /* Build configuration list for PBXProject "ReusableView" */;
			compatibilityVersion = "Xcode 3.2";
			developmentRegion = English;
			hasScannedForEncodings = 0;
			knownRegions = (
				en,
				Base,
			);
			mainGroup = 77C7B2A81DC35F0300BAFDDB;
			productRefGroup = 77C7B2B21DC35F0300BAFDDB /* Products */;
			projectDirPath = "";
			projectRoot = "";
			targets = (
				77C7B2B01DC35F0300BAFDDB /* ReusableView */,
			);
		};
/* End PBXProject section */

/* Begin PBXResourcesBuildPhase section */
		77C7B2AF1DC35F0300BAFDDB /* Resources */ = {
			isa = PBXResourcesBuildPhase;
			buildActionMask = 2147483647;
			files = (
				77C7B2BF1DC35F0300BAFDDB /* LaunchScreen.storyboard in Resources */,
				77C7B2BC1DC35F0300BAFDDB /* Assets.xcassets in Resources */,
				77C7B2BA1DC35F0300BAFDDB /* Main.storyboard in Resources */,
			);
			runOnlyForDeploymentPostprocessing = 0;
		};
/* End PBXResourcesBuildPhase section */

/* Begin PBXSourcesBuildPhase section */
		77C7B2AD1DC35F0300BAFDDB /* Sources */ = {
			isa = PBXSourcesBuildPhase;
			buildActionMask = 2147483647;
			files = (
				77C7B2B71DC35F0300BAFDDB /* ViewController.swift in Sources */,
				77C7B2B51DC35F0300BAFDDB /* AppDelegate.swift in Sources */,
			);
			runOnlyForDeploymentPostprocessing = 0;
		};
/* End PBXSourcesBuildPhase section */

/* Begin PBXVariantGroup section */
		77C7B2B81DC35F0300BAFDDB /* Main.storyboard */ = {
			isa = PBXVariantGroup;
			children = (
				77C7B2B91DC35F0300BAFDDB /* Base */,
			);
			name = Main.storyboard;
			sourceTree = "<group>";
		};
		77C7B2BD1DC35F0300BAFDDB /* LaunchScreen.storyboard */ = {
			isa = PBXVariantGroup;
			children = (
				77C7B2BE1DC35F0300BAFDDB /* Base */,
			);
			name = LaunchScreen.storyboard;
			sourceTree = "<group>";
		};
/* End PBXVariantGroup section */

/* Begin XCBuildConfiguration section */
		77C7B2C11DC35F0300BAFDDB /* Debug */ = {
			isa = XCBuildConfiguration;
			buildSettings = {
				ALWAYS_SEARCH_USER_PATHS = NO;
				CLANG_ANALYZER_NONNULL = YES;
				CLANG_CXX_LANGUAGE_STANDARD = "gnu++0x";
				CLANG_CXX_LIBRARY = "libc++";
				CLANG_ENABLE_MODULES = YES;
				CLANG_ENABLE_OBJC_ARC = YES;
				CLANG_WARN_BOOL_CONVERSION = YES;
				CLANG_WARN_CONSTANT_CONVERSION = YES;
				CLANG_WARN_DIRECT_OBJC_ISA_USAGE = YES_ERROR;
				CLANG_WARN_DOCUMENTATION_COMMENTS = YES;
				CLANG_WARN_EMPTY_BODY = YES;
				CLANG_WARN_ENUM_CONVERSION = YES;
				CLANG_WARN_INFINITE_RECURSION = YES;
				CLANG_WARN_INT_CONVERSION = YES;
				CLANG_WARN_OBJC_ROOT_CLASS = YES_ERROR;
				CLANG_WARN_SUSPICIOUS_MOVES = YES;
				CLANG_WARN_UNREACHABLE_CODE = YES;
				CLANG_WARN__DUPLICATE_METHOD_MATCH = YES;
				"CODE_SIGN_IDENTITY[sdk=iphoneos*]" = "iPhone Developer";
				COPY_PHASE_STRIP = NO;
				DEBUG_INFORMATION_FORMAT = dwarf;
				ENABLE_STRICT_OBJC_MSGSEND = YES;
				ENABLE_TESTABILITY = YES;
				GCC_C_LANGUAGE_STANDARD = gnu99;
				GCC_DYNAMIC_NO_PIC = NO;
				GCC_NO_COMMON_BLOCKS = YES;
				GCC_OPTIMIZATION_LEVEL = 0;
				GCC_PREPROCESSOR_DEFINITIONS = (
					"DEBUG=1",
					"$(inherited)",
				);
				GCC_WARN_64_TO_32_BIT_CONVERSION = YES;
				GCC_WARN_ABOUT_RETURN_TYPE = YES_ERROR;
				GCC_WARN_UNDECLARED_SELECTOR = YES;
				GCC_WARN_UNINITIALIZED_AUTOS = YES_AGGRESSIVE;
				GCC_WARN_UNUSED_FUNCTION = YES;
				GCC_WARN_UNUSED_VARIABLE = YES;
				IPHONEOS_DEPLOYMENT_TARGET = 10.0;
				MTL_ENABLE_DEBUG_INFO = YES;
				ONLY_ACTIVE_ARCH = YES;
				SDKROOT = iphoneos;
				SWIFT_ACTIVE_COMPILATION_CONDITIONS = DEBUG;
				SWIFT_OPTIMIZATION_LEVEL = "-Onone";
				TARGETED_DEVICE_FAMILY = "1,2";
			};
			name = Debug;
		};
		77C7B2C21DC35F0300BAFDDB /* Release */ = {
			isa = XCBuildConfiguration;
			buildSettings = {
				ALWAYS_SEARCH_USER_PATHS = NO;
				CLANG_ANALYZER_NONNULL = YES;
				CLANG_CXX_LANGUAGE_STANDARD = "gnu++0x";
				CLANG_CXX_LIBRARY = "libc++";
				CLANG_ENABLE_MODULES = YES;
				CLANG_ENABLE_OBJC_ARC = YES;
				CLANG_WARN_BOOL_CONVERSION = YES;
				CLANG_WARN_CONSTANT_CONVERSION = YES;
				CLANG_WARN_DIRECT_OBJC_ISA_USAGE = YES_ERROR;
				CLANG_WARN_DOCUMENTATION_COMMENTS = YES;
				CLANG_WARN_EMPTY_BODY = YES;
				CLANG_WARN_ENUM_CONVERSION = YES;
				CLANG_WARN_INFINITE_RECURSION = YES;
				CLANG_WARN_INT_CONVERSION = YES;
				CLANG_WARN_OBJC_ROOT_CLASS = YES_ERROR;
				CLANG_WARN_SUSPICIOUS_MOVES = YES;
				CLANG_WARN_UNREACHABLE_CODE = YES;
				CLANG_WARN__DUPLICATE_METHOD_MATCH = YES;
				"CODE_SIGN_IDENTITY[sdk=iphoneos*]" = "iPhone Developer";
				COPY_PHASE_STRIP = NO;
				DEBUG_INFORMATION_FORMAT = "dwarf-with-dsym";
				ENABLE_NS_ASSERTIONS = NO;
				ENABLE_STRICT_OBJC_MSGSEND = YES;
				GCC_C_LANGUAGE_STANDARD = gnu99;
				GCC_NO_COMMON_BLOCKS = YES;
				GCC_WARN_64_TO_32_BIT_CONVERSION = YES;
				GCC_WARN_ABOUT_RETURN_TYPE = YES_ERROR;
				GCC_WARN_UNDECLARED_SELECTOR = YES;
				GCC_WARN_UNINITIALIZED_AUTOS = YES_AGGRESSIVE;
				GCC_WARN_UNUSED_FUNCTION = YES;
				GCC_WARN_UNUSED_VARIABLE = YES;
				IPHONEOS_DEPLOYMENT_TARGET = 10.0;
				MTL_ENABLE_DEBUG_INFO = NO;
				SDKROOT = iphoneos;
				SWIFT_OPTIMIZATION_LEVEL = "-Owholemodule";
				TARGETED_DEVICE_FAMILY = "1,2";
				VALIDATE_PRODUCT = YES;
			};
			name = Release;
		};
		77C7B2C41DC35F0300BAFDDB /* Debug */ = {
			isa = XCBuildConfiguration;
			buildSettings = {
				ASSETCATALOG_COMPILER_APPICON_NAME = AppIcon;
				DEVELOPMENT_TEAM = ELAFMHX4F8;
				INFOPLIST_FILE = ReusableView/Info.plist;
				LD_RUNPATH_SEARCH_PATHS = "$(inherited) @executable_path/Frameworks";
				PRODUCT_BUNDLE_IDENTIFIER = com.tekaso.ReusableView;
				PRODUCT_NAME = "$(TARGET_NAME)";
				SWIFT_VERSION = 3.0;
			};
			name = Debug;
		};
		77C7B2C51DC35F0300BAFDDB /* Release */ = {
			isa = XCBuildConfiguration;
			buildSettings = {
				ASSETCATALOG_COMPILER_APPICON_NAME = AppIcon;
				DEVELOPMENT_TEAM = ELAFMHX4F8;
				INFOPLIST_FILE = ReusableView/Info.plist;
				LD_RUNPATH_SEARCH_PATHS = "$(inherited) @executable_path/Frameworks";
				PRODUCT_BUNDLE_IDENTIFIER = com.tekaso.ReusableView;
				PRODUCT_NAME = "$(TARGET_NAME)";
				SWIFT_VERSION = 3.0;
			};
			name = Release;
		};
/* End XCBuildConfiguration section */

/* Begin XCConfigurationList section */
		77C7B2AC1DC35F0300BAFDDB /* Build configuration list for PBXProject "ReusableView" */ = {
			isa = XCConfigurationList;
			buildConfigurations = (
				77C7B2C11DC35F0300BAFDDB /* Debug */,
				77C7B2C21DC35F0300BAFDDB /* Release */,
			);
			defaultConfigurationIsVisible = 0;
			defaultConfigurationName = Release;
		};
		77C7B2C31DC35F0300BAFDDB /* Build configuration list for PBXNativeTarget "ReusableView" */ = {
			isa = XCConfigurationList;
			buildConfigurations = (
				77C7B2C41DC35F0300BAFDDB /* Debug */,
				77C7B2C51DC35F0300BAFDDB /* Release */,
			);
			defaultConfigurationIsVisible = 0;
		};
/* End XCConfigurationList section */
	};
	rootObject = 77C7B2A91DC35F0300BAFDDB /* Project object */;
}
